
Microsoft Visual Studio Solution File, Format Version 12.00
# Visual Studio 15
VisualStudioVersion = 15.0.28010.2019
MinimumVisualStudioVersion = 10.0.40219.1
Project("{FAE04EC0-301F-11D3-BF4B-00C04F79EFBC}") = "C2 Group Application", "C2 Group Application\C2 Group Application.csproj", "{F19B3A59-42BD-4EF3-BA90-4D331AD1DB95}"
EndProject
Global
	GlobalSection(SolutionConfigurationPlatforms) = preSolution
		Debug|Any CPU = Debug|Any CPU
		Release|Any CPU = Release|Any CPU
	EndGlobalSection
	GlobalSection(ProjectConfigurationPlatforms) = postSolution
		{F19B3A59-42BD-4EF3-BA90-4D331AD1DB95}.Debug|Any CPU.ActiveCfg = Debug|Any CPU
		{F19B3A59-42BD-4EF3-BA90-4D331AD1DB95}.Debug|Any CPU.Build.0 = Debug|Any CPU
		{F19B3A59-42BD-4EF3-BA90-4D331AD1DB95}.Release|Any CPU.ActiveCfg = Release|Any CPU
		{F19B3A59-42BD-4EF3-BA90-4D331AD1DB95}.Release|Any CPU.Build.0 = Release|Any CPU
	EndGlobalSection
	GlobalSection(SolutionProperties) = preSolution
		HideSolutionNode = FALSE
	EndGlobalSection
	GlobalSection(ExtensibilityGlobals) = postSolution
		SolutionGuid = {15763876-7C52-4EFC-AD87-3DEA47A4BA2B}
	EndGlobalSection
EndGlobal
